// !$*UTF8*$!
{
	archiveVersion = 1;
	classes = {
	};
	objectVersion = 60;
	objects = {

/* Begin PBXBuildFile section */
		27B0A2762A3D225C0024563D /* ExampleApp.swift in Sources */ = {isa = PBXBuildFile; fileRef = 27B0A2752A3D225C0024563D /* ExampleApp.swift */; };
		27B0A27A2A3D225D0024563D /* Assets.xcassets in Resources */ = {isa = PBXBuildFile; fileRef = 27B0A2792A3D225D0024563D /* Assets.xcassets */; };
		27B0A27D2A3D225D0024563D /* Preview Assets.xcassets in Resources */ = {isa = PBXBuildFile; fileRef = 27B0A27C2A3D225D0024563D /* Preview Assets.xcassets */; };
		27B0A2852A3D228B0024563D /* InitMacro in Frameworks */ = {isa = PBXBuildFile; productRef = 27B0A2842A3D228B0024563D /* InitMacro */; };
		27B0A2882A3D23510024563D /* InitMacro in Frameworks */ = {isa = PBXBuildFile; productRef = 27B0A2872A3D23510024563D /* InitMacro */; };
		27B0A28B2A3D25A90024563D /* InitMacro in Frameworks */ = {isa = PBXBuildFile; productRef = 27B0A28A2A3D25A90024563D /* InitMacro */; };
		27B0A28D2A3D26080024563D /* InitMacroExamples.swift in Sources */ = {isa = PBXBuildFile; fileRef = 27B0A28C2A3D26080024563D /* InitMacroExamples.swift */; };
/* End PBXBuildFile section */

/* Begin PBXFileReference section */
		27B0A2722A3D225C0024563D /* InitMacroExample.app */ = {isa = PBXFileReference; explicitFileType = wrapper.application; includeInIndex = 0; path = InitMacroExample.app; sourceTree = BUILT_PRODUCTS_DIR; };
		27B0A2752A3D225C0024563D /* ExampleApp.swift */ = {isa = PBXFileReference; lastKnownFileType = sourcecode.swift; path = ExampleApp.swift; sourceTree = "<group>"; };
		27B0A2792A3D225D0024563D /* Assets.xcassets */ = {isa = PBXFileReference; lastKnownFileType = folder.assetcatalog; path = Assets.xcassets; sourceTree = "<group>"; };
		27B0A27C2A3D225D0024563D /* Preview Assets.xcassets */ = {isa = PBXFileReference; lastKnownFileType = folder.assetcatalog; path = "Preview Assets.xcassets"; sourceTree = "<group>"; };
		27B0A28C2A3D26080024563D /* InitMacroExamples.swift */ = {isa = PBXFileReference; lastKnownFileType = sourcecode.swift; path = InitMacroExamples.swift; sourceTree = "<group>"; };
/* End PBXFileReference section */

/* Begin PBXFrameworksBuildPhase section */
		27B0A26F2A3D225C0024563D /* Frameworks */ = {
			isa = PBXFrameworksBuildPhase;
			buildActionMask = 2147483647;
			files = (
				27B0A28B2A3D25A90024563D /* InitMacro in Frameworks */,
				27B0A2852A3D228B0024563D /* InitMacro in Frameworks */,
				27B0A2882A3D23510024563D /* InitMacro in Frameworks */,
			);
			runOnlyForDeploymentPostprocessing = 0;
		};
/* End PBXFrameworksBuildPhase section */

/* Begin PBXGroup section */
		27B0A2692A3D225C0024563D = {
			isa = PBXGroup;
			children = (
				27B0A2742A3D225C0024563D /* InitMacroExample */,
				27B0A2732A3D225C0024563D /* Products */,
			);
			sourceTree = "<group>";
		};
		27B0A2732A3D225C0024563D /* Products */ = {
			isa = PBXGroup;
			children = (
				27B0A2722A3D225C0024563D /* InitMacroExample.app */,
			);
			name = Products;
			sourceTree = "<group>";
		};
		27B0A2742A3D225C0024563D /* InitMacroExample */ = {
			isa = PBXGroup;
			children = (
				27B0A2752A3D225C0024563D /* ExampleApp.swift */,
				27B0A28C2A3D26080024563D /* InitMacroExamples.swift */,
				27B0A2792A3D225D0024563D /* Assets.xcassets */,
				27B0A27B2A3D225D0024563D /* Preview Content */,
			);
			path = InitMacroExample;
			sourceTree = "<group>";
		};
		27B0A27B2A3D225D0024563D /* Preview Content */ = {
			isa = PBXGroup;
			children = (
				27B0A27C2A3D225D0024563D /* Preview Assets.xcassets */,
			);
			path = "Preview Content";
			sourceTree = "<group>";
		};
/* End PBXGroup section */

/* Begin PBXNativeTarget section */
		27B0A2712A3D225C0024563D /* InitMacroExample */ = {
			isa = PBXNativeTarget;
			buildConfigurationList = 27B0A2802A3D225D0024563D /* Build configuration list for PBXNativeTarget "InitMacroExample" */;
			buildPhases = (
				27B0A26E2A3D225C0024563D /* Sources */,
				27B0A26F2A3D225C0024563D /* Frameworks */,
				27B0A2702A3D225C0024563D /* Resources */,
			);
			buildRules = (
			);
			dependencies = (
			);
			name = InitMacroExample;
			packageProductDependencies = (
				27B0A2842A3D228B0024563D /* InitMacro */,
				27B0A2872A3D23510024563D /* InitMacro */,
				27B0A28A2A3D25A90024563D /* InitMacro */,
			);
			productName = InitMacroExample;
			productReference = 27B0A2722A3D225C0024563D /* InitMacroExample.app */;
			productType = "com.apple.product-type.application";
		};
/* End PBXNativeTarget section */

/* Begin PBXProject section */
		27B0A26A2A3D225C0024563D /* Project object */ = {
			isa = PBXProject;
			attributes = {
				BuildIndependentTargetsInParallel = 1;
				LastSwiftUpdateCheck = 1500;
				LastUpgradeCheck = 1500;
				TargetAttributes = {
					27B0A2712A3D225C0024563D = {
						CreatedOnToolsVersion = 15.0;
					};
				};
			};
			buildConfigurationList = 27B0A26D2A3D225C0024563D /* Build configuration list for PBXProject "InitMacroExample" */;
			compatibilityVersion = "Xcode 14.0";
			developmentRegion = en;
			hasScannedForEncodings = 0;
			knownRegions = (
				en,
				Base,
			);
			mainGroup = 27B0A2692A3D225C0024563D;
			packageReferences = (
				27B0A2892A3D25A90024563D /* XCLocalSwiftPackageReference ".." */,
			);
			productRefGroup = 27B0A2732A3D225C0024563D /* Products */;
			projectDirPath = "";
			projectRoot = "";
			targets = (
				27B0A2712A3D225C0024563D /* InitMacroExample */,
			);
		};
/* End PBXProject section */

/* Begin PBXResourcesBuildPhase section */
		27B0A2702A3D225C0024563D /* Resources */ = {
			isa = PBXResourcesBuildPhase;
			buildActionMask = 2147483647;
			files = (
				27B0A27D2A3D225D0024563D /* Preview Assets.xcassets in Resources */,
				27B0A27A2A3D225D0024563D /* Assets.xcassets in Resources */,
			);
			runOnlyForDeploymentPostprocessing = 0;
		};
/* End PBXResourcesBuildPhase section */

/* Begin PBXSourcesBuildPhase section */
		27B0A26E2A3D225C0024563D /* Sources */ = {
			isa = PBXSourcesBuildPhase;
			buildActionMask = 2147483647;
			files = (
				27B0A2762A3D225C0024563D /* ExampleApp.swift in Sources */,
				27B0A28D2A3D26080024563D /* InitMacroExamples.swift in Sources */,
			);
			runOnlyForDeploymentPostprocessing = 0;
		};
/* End PBXSourcesBuildPhase section */

/* Begin XCBuildConfiguration section */
		27B0A27E2A3D225D0024563D /* Debug */ = {
			isa = XCBuildConfiguration;
			buildSettings = {
				ALWAYS_SEARCH_USER_PATHS = NO;
				ASSETCATALOG_COMPILER_GENERATE_SWIFT_ASSET_SYMBOL_EXTENSIONS = YES;
				CLANG_ANALYZER_NONNULL = YES;
				CLANG_ANALYZER_NUMBER_OBJECT_CONVERSION = YES_AGGRESSIVE;
				CLANG_CXX_LANGUAGE_STANDARD = "gnu++20";
				CLANG_ENABLE_MODULES = YES;
				CLANG_ENABLE_OBJC_ARC = YES;
				CLANG_ENABLE_OBJC_WEAK = YES;
				CLANG_WARN_BLOCK_CAPTURE_AUTORELEASING = YES;
				CLANG_WARN_BOOL_CONVERSION = YES;
				CLANG_WARN_COMMA = YES;
				CLANG_WARN_CONSTANT_CONVERSION = YES;
				CLANG_WARN_DEPRECATED_OBJC_IMPLEMENTATIONS = YES;
				CLANG_WARN_DIRECT_OBJC_ISA_USAGE = YES_ERROR;
				CLANG_WARN_DOCUMENTATION_COMMENTS = YES;
				CLANG_WARN_EMPTY_BODY = YES;
				CLANG_WARN_ENUM_CONVERSION = YES;
				CLANG_WARN_INFINITE_RECURSION = YES;
				CLANG_WARN_INT_CONVERSION = YES;
				CLANG_WARN_NON_LITERAL_NULL_CONVERSION = YES;
				CLANG_WARN_OBJC_IMPLICIT_RETAIN_SELF = YES;
				CLANG_WARN_OBJC_LITERAL_CONVERSION = YES;
				CLANG_WARN_OBJC_ROOT_CLASS = YES_ERROR;
				CLANG_WARN_QUOTED_INCLUDE_IN_FRAMEWORK_HEADER = YES;
				CLANG_WARN_RANGE_LOOP_ANALYSIS = YES;
				CLANG_WARN_STRICT_PROTOTYPES = YES;
				CLANG_WARN_SUSPICIOUS_MOVE = YES;
				CLANG_WARN_UNGUARDED_AVAILABILITY = YES_AGGRESSIVE;
				CLANG_WARN_UNREACHABLE_CODE = YES;
				CLANG_WARN__DUPLICATE_METHOD_MATCH = YES;
				COPY_PHASE_STRIP = NO;
				DEBUG_INFORMATION_FORMAT = dwarf;
				ENABLE_STRICT_OBJC_MSGSEND = YES;
				ENABLE_TESTABILITY = YES;
				ENABLE_USER_SCRIPT_SANDBOXING = YES;
				GCC_C_LANGUAGE_STANDARD = gnu17;
				GCC_DYNAMIC_NO_PIC = NO;
				GCC_NO_COMMON_BLOCKS = YES;
				GCC_OPTIMIZATION_LEVEL = 0;
				GCC_PREPROCESSOR_DEFINITIONS = (
					"DEBUG=1",
					"$(inherited)",
				);
				GCC_WARN_64_TO_32_BIT_CONVERSION = YES;
				GCC_WARN_ABOUT_RETURN_TYPE = YES_ERROR;
				GCC_WARN_UNDECLARED_SELECTOR = YES;
				GCC_WARN_UNINITIALIZED_AUTOS = YES_AGGRESSIVE;
				GCC_WARN_UNUSED_FUNCTION = YES;
				GCC_WARN_UNUSED_VARIABLE = YES;
				IPHONEOS_DEPLOYMENT_TARGET = 17.0;
				LOCALIZATION_PREFERS_STRING_CATALOGS = YES;
				MTL_ENABLE_DEBUG_INFO = INCLUDE_SOURCE;
				MTL_FAST_MATH = YES;
				ONLY_ACTIVE_ARCH = YES;
				SDKROOT = iphoneos;
				SWIFT_ACTIVE_COMPILATION_CONDITIONS = "DEBUG $(inherited)";
				SWIFT_OPTIMIZATION_LEVEL = "-Onone";
			};
			name = Debug;
		};
		27B0A27F2A3D225D0024563D /* Release */ = {
			isa = XCBuildConfiguration;
			buildSettings = {
				ALWAYS_SEARCH_USER_PATHS = NO;
				ASSETCATALOG_COMPILER_GENERATE_SWIFT_ASSET_SYMBOL_EXTENSIONS = YES;
				CLANG_ANALYZER_NONNULL = YES;
				CLANG_ANALYZER_NUMBER_OBJECT_CONVERSION = YES_AGGRESSIVE;
				CLANG_CXX_LANGUAGE_STANDARD = "gnu++20";
				CLANG_ENABLE_MODULES = YES;
				CLANG_ENABLE_OBJC_ARC = YES;
				CLANG_ENABLE_OBJC_WEAK = YES;
				CLANG_WARN_BLOCK_CAPTURE_AUTORELEASING = YES;
				CLANG_WARN_BOOL_CONVERSION = YES;
				CLANG_WARN_COMMA = YES;
				CLANG_WARN_CONSTANT_CONVERSION = YES;
				CLANG_WARN_DEPRECATED_OBJC_IMPLEMENTATIONS = YES;
				CLANG_WARN_DIRECT_OBJC_ISA_USAGE = YES_ERROR;
				CLANG_WARN_DOCUMENTATION_COMMENTS = YES;
				CLANG_WARN_EMPTY_BODY = YES;
				CLANG_WARN_ENUM_CONVERSION = YES;
				CLANG_WARN_INFINITE_RECURSION = YES;
				CLANG_WARN_INT_CONVERSION = YES;
				CLANG_WARN_NON_LITERAL_NULL_CONVERSION = YES;
				CLANG_WARN_OBJC_IMPLICIT_RETAIN_SELF = YES;
				CLANG_WARN_OBJC_LITERAL_CONVERSION = YES;
				CLANG_WARN_OBJC_ROOT_CLASS = YES_ERROR;
				CLANG_WARN_QUOTED_INCLUDE_IN_FRAMEWORK_HEADER = YES;
				CLANG_WARN_RANGE_LOOP_ANALYSIS = YES;
				CLANG_WARN_STRICT_PROTOTYPES = YES;
				CLANG_WARN_SUSPICIOUS_MOVE = YES;
				CLANG_WARN_UNGUARDED_AVAILABILITY = YES_AGGRESSIVE;
				CLANG_WARN_UNREACHABLE_CODE = YES;
				CLANG_WARN__DUPLICATE_METHOD_MATCH = YES;
				COPY_PHASE_STRIP = NO;
				DEBUG_INFORMATION_FORMAT = "dwarf-with-dsym";
				ENABLE_NS_ASSERTIONS = NO;
				ENABLE_STRICT_OBJC_MSGSEND = YES;
				ENABLE_USER_SCRIPT_SANDBOXING = YES;
				GCC_C_LANGUAGE_STANDARD = gnu17;
				GCC_NO_COMMON_BLOCKS = YES;
				GCC_WARN_64_TO_32_BIT_CONVERSION = YES;
				GCC_WARN_ABOUT_RETURN_TYPE = YES_ERROR;
				GCC_WARN_UNDECLARED_SELECTOR = YES;
				GCC_WARN_UNINITIALIZED_AUTOS = YES_AGGRESSIVE;
				GCC_WARN_UNUSED_FUNCTION = YES;
				GCC_WARN_UNUSED_VARIABLE = YES;
				IPHONEOS_DEPLOYMENT_TARGET = 17.0;
				LOCALIZATION_PREFERS_STRING_CATALOGS = YES;
				MTL_ENABLE_DEBUG_INFO = NO;
				MTL_FAST_MATH = YES;
				SDKROOT = iphoneos;
				SWIFT_COMPILATION_MODE = wholemodule;
				VALIDATE_PRODUCT = YES;
			};
			name = Release;
		};
		27B0A2812A3D225D0024563D /* Debug */ = {
			isa = XCBuildConfiguration;
			buildSettings = {
				ASSETCATALOG_COMPILER_APPICON_NAME = AppIcon;
				ASSETCATALOG_COMPILER_GLOBAL_ACCENT_COLOR_NAME = AccentColor;
				CODE_SIGN_STYLE = Automatic;
				CURRENT_PROJECT_VERSION = 1;
				DEVELOPMENT_ASSET_PATHS = "\"InitMacroExample/Preview Content\"";
				ENABLE_PREVIEWS = YES;
				GENERATE_INFOPLIST_FILE = YES;
				INFOPLIST_KEY_UIApplicationSceneManifest_Generation = YES;
				INFOPLIST_KEY_UIApplicationSupportsIndirectInputEvents = YES;
				INFOPLIST_KEY_UILaunchScreen_Generation = YES;
				INFOPLIST_KEY_UISupportedInterfaceOrientations_iPad = "UIInterfaceOrientationPortrait UIInterfaceOrientationPortraitUpsideDown UIInterfaceOrientationLandscapeLeft UIInterfaceOrientationLandscapeRight";
				INFOPLIST_KEY_UISupportedInterfaceOrientations_iPhone = "UIInterfaceOrientationPortrait UIInterfaceOrientationLandscapeLeft UIInterfaceOrientationLandscapeRight";
				LD_RUNPATH_SEARCH_PATHS = (
					"$(inherited)",
					"@executable_path/Frameworks",
				);
				MARKETING_VERSION = 1.0;
				PRODUCT_BUNDLE_IDENTIFIER = com.leocardz.InitMacroExample;
				PRODUCT_NAME = "$(TARGET_NAME)";
				SWIFT_EMIT_LOC_STRINGS = YES;
				SWIFT_VERSION = 5.0;
				TARGETED_DEVICE_FAMILY = "1,2";
			};
			name = Debug;
		};
		27B0A2822A3D225D0024563D /* Release */ = {
			isa = XCBuildConfiguration;
			buildSettings = {
				ASSETCATALOG_COMPILER_APPICON_NAME = AppIcon;
				ASSETCATALOG_COMPILER_GLOBAL_ACCENT_COLOR_NAME = AccentColor;
				CODE_SIGN_STYLE = Automatic;
				CURRENT_PROJECT_VERSION = 1;
				DEVELOPMENT_ASSET_PATHS = "\"InitMacroExample/Preview Content\"";
				ENABLE_PREVIEWS = YES;
				GENERATE_INFOPLIST_FILE = YES;
				INFOPLIST_KEY_UIApplicationSceneManifest_Generation = YES;
				INFOPLIST_KEY_UIApplicationSupportsIndirectInputEvents = YES;
				INFOPLIST_KEY_UILaunchScreen_Generation = YES;
				INFOPLIST_KEY_UISupportedInterfaceOrientations_iPad = "UIInterfaceOrientationPortrait UIInterfaceOrientationPortraitUpsideDown UIInterfaceOrientationLandscapeLeft UIInterfaceOrientationLandscapeRight";
				INFOPLIST_KEY_UISupportedInterfaceOrientations_iPhone = "UIInterfaceOrientationPortrait UIInterfaceOrientationLandscapeLeft UIInterfaceOrientationLandscapeRight";
				LD_RUNPATH_SEARCH_PATHS = (
					"$(inherited)",
					"@executable_path/Frameworks",
				);
				MARKETING_VERSION = 1.0;
				PRODUCT_BUNDLE_IDENTIFIER = com.leocardz.InitMacroExample;
				PRODUCT_NAME = "$(TARGET_NAME)";
				SWIFT_EMIT_LOC_STRINGS = YES;
				SWIFT_VERSION = 5.0;
				TARGETED_DEVICE_FAMILY = "1,2";
			};
			name = Release;
		};
/* End XCBuildConfiguration section */

/* Begin XCConfigurationList section */
		27B0A26D2A3D225C0024563D /* Build configuration list for PBXProject "InitMacroExample" */ = {
			isa = XCConfigurationList;
			buildConfigurations = (
				27B0A27E2A3D225D0024563D /* Debug */,
				27B0A27F2A3D225D0024563D /* Release */,
			);
			defaultConfigurationIsVisible = 0;
			defaultConfigurationName = Release;
		};
		27B0A2802A3D225D0024563D /* Build configuration list for PBXNativeTarget "InitMacroExample" */ = {
			isa = XCConfigurationList;
			buildConfigurations = (
				27B0A2812A3D225D0024563D /* Debug */,
				27B0A2822A3D225D0024563D /* Release */,
			);
			defaultConfigurationIsVisible = 0;
			defaultConfigurationName = Release;
		};
/* End XCConfigurationList section */

/* Begin XCLocalSwiftPackageReference section */
		27B0A2892A3D25A90024563D /* XCLocalSwiftPackageReference ".." */ = {
			isa = XCLocalSwiftPackageReference;
			relativePath = ..;
		};
/* End XCLocalSwiftPackageReference section */

/* Begin XCSwiftPackageProductDependency section */
		27B0A2842A3D228B0024563D /* InitMacro */ = {
			isa = XCSwiftPackageProductDependency;
			productName = InitMacro;
		};
		27B0A2872A3D23510024563D /* InitMacro */ = {
			isa = XCSwiftPackageProductDependency;
			productName = InitMacro;
		};
		27B0A28A2A3D25A90024563D /* InitMacro */ = {
			isa = XCSwiftPackageProductDependency;
			productName = InitMacro;
		};
/* End XCSwiftPackageProductDependency section */
	};
	rootObject = 27B0A26A2A3D225C0024563D /* Project object */;
}
